Microsoft Visual Studio Solution File, Format Version 12.00
# Visual Studio Version 17
VisualStudioVersion = 17.5.2.0
MinimumVisualStudioVersion = 10.0.40219.1
Project("{FAE04EC0-301F-11D3-BF4B-00C04F79EFBC}") = "JavierSevilla", "JavierSevilla.csproj", "{63B8BA1A-EC50-FA54-7801-178E6E5B824A}"
EndProject
Global
	GlobalSection(SolutionConfigurationPlatforms) = preSolution
		Debug|Any CPU = Debug|Any CPU
		Release|Any CPU = Release|Any CPU
	EndGlobalSection
	GlobalSection(ProjectConfigurationPlatforms) = postSolution
		{63B8BA1A-EC50-FA54-7801-178E6E5B824A}.Debug|Any CPU.ActiveCfg = Debug|Any CPU
		{63B8BA1A-EC50-FA54-7801-178E6E5B824A}.Debug|Any CPU.Build.0 = Debug|Any CPU
		{63B8BA1A-EC50-FA54-7801-178E6E5B824A}.Release|Any CPU.ActiveCfg = Release|Any CPU
		{63B8BA1A-EC50-FA54-7801-178E6E5B824A}.Release|Any CPU.Build.0 = Release|Any CPU
	EndGlobalSection
	GlobalSection(SolutionProperties) = preSolution
		HideSolutionNode = FALSE
	EndGlobalSection
	GlobalSection(ExtensibilityGlobals) = postSolution
		SolutionGuid = {68276D7E-C0CA-40C2-B01D-FA291E3D4CC7}
	EndGlobalSection
EndGlobal
